
Microsoft Visual Studio Solution File, Format Version 12.00
# Visual Studio Version 17
VisualStudioVersion = 17.0.31903.59
MinimumVisualStudioVersion = 10.0.40219.1
Project("{2150E333-8FDC-42A3-9474-1A3956D46DE8}") = "PllWebApp", "PllWebApp", "{67403A15-94A8-4547-8D0E-44A82C7CF8AE}"
EndProject
Project("{2150E333-8FDC-42A3-9474-1A3956D46DE8}") = "Solution Items", "Solution Items", "{3A4A5981-3FFB-447A-8E38-FB37CF9AE404}"
	ProjectSection(SolutionItems) = preProject
		.gitignore = .gitignore
		xti.ps1 = xti.ps1
	EndProjectSection
EndProject
Project("{2150E333-8FDC-42A3-9474-1A3956D46DE8}") = "Internal", "Internal", "{BBC9357F-B859-4CED-B777-23DEA3998ECE}"
EndProject
Project("{2150E333-8FDC-42A3-9474-1A3956D46DE8}") = "Apps", "Apps", "{1F8D52BB-CA26-442B-B668-965A23F96A17}"
EndProject
Project("{2150E333-8FDC-42A3-9474-1A3956D46DE8}") = "Lib", "Lib", "{40D23653-61B4-4A18-9625-D80518C4DE37}"
EndProject
Project("{9A19103F-16F7-4668-BE54-9A1E7A4F7556}") = "CPW_PllDB", "PllWebApp\Internal\CPW_PllDB\CPW_PllDB.csproj", "{FEFC3B1B-E809-455E-BB80-2A6C386C63AC}"
EndProject
Project("{9A19103F-16F7-4668-BE54-9A1E7A4F7556}") = "CPW_PllDB.EF", "PllWebApp\Internal\CPW_PllDB.EF\CPW_PllDB.EF.csproj", "{F52CFC31-D4D0-4533-997F-3BD3BA679C50}"
EndProject
Project("{9A19103F-16F7-4668-BE54-9A1E7A4F7556}") = "CPW_PllDB.SqlServer", "PllWebApp\Internal\CPW_PllDB.SqlServer\CPW_PllDB.SqlServer.csproj", "{83C0E90A-CDE5-436A-9A7D-55B276A3A08F}"
EndProject
Project("{9A19103F-16F7-4668-BE54-9A1E7A4F7556}") = "CPW_PllDBTool", "PllWebApp\Internal\CPW_PllDBTool\CPW_PllDBTool.csproj", "{C48700EA-0707-4728-B9FE-5FB01E7D6750}"
EndProject
Project("{9A19103F-16F7-4668-BE54-9A1E7A4F7556}") = "CPW_PllFakes", "PllWebApp\Internal\CPW_PllFakes\CPW_PllFakes.csproj", "{8448964E-5181-4FCC-8300-502C833C28CE}"
EndProject
Project("{9A19103F-16F7-4668-BE54-9A1E7A4F7556}") = "CPW_PllImplementations", "PllWebApp\Internal\CPW_PllImplementations\CPW_PllImplementations.csproj", "{4EE5FF97-F5F3-4DD3-B398-B94A05F931C8}"
EndProject
Project("{9A19103F-16F7-4668-BE54-9A1E7A4F7556}") = "PllWebApp.ApiControllers", "PllWebApp\Internal\PllWebApp.ApiControllers\PllWebApp.ApiControllers.csproj", "{E3506323-F74D-4EBD-91AF-178C7B5D3A8D}"
EndProject
Project("{9A19103F-16F7-4668-BE54-9A1E7A4F7556}") = "XTI_PllWebAppApi", "PllWebApp\Internal\XTI_PllWebAppApi\XTI_PllWebAppApi.csproj", "{38421A8A-C144-4C76-BB5C-E5E30EBC9C05}"
EndProject
Project("{9A19103F-16F7-4668-BE54-9A1E7A4F7556}") = "PllApiGeneratorApp", "PllWebApp\Apps\PllApiGeneratorApp\PllApiGeneratorApp.csproj", "{B885E4AD-B2FE-4036-BDEF-E0C6439E8210}"
EndProject
Project("{9A19103F-16F7-4668-BE54-9A1E7A4F7556}") = "PllSetupApp", "PllWebApp\Apps\PllSetupApp\PllSetupApp.csproj", "{E3A10B56-D24B-4EC6-802C-7062220A1CA3}"
EndProject
Project("{9A19103F-16F7-4668-BE54-9A1E7A4F7556}") = "PllWebApp", "PllWebApp\Apps\PllWebApp\PllWebApp.csproj", "{AF833ACB-55A3-4AC5-B5CF-F9FCA01DB53F}"
EndProject
Project("{2150E333-8FDC-42A3-9474-1A3956D46DE8}") = "PllServiceApp", "PllServiceApp", "{926D0124-1094-4E2E-BBD6-7184E0097E5F}"
EndProject
Project("{2150E333-8FDC-42A3-9474-1A3956D46DE8}") = "Apps", "Apps", "{6177035F-F4BD-4F68-BA47-BA092B3C072C}"
EndProject
Project("{2150E333-8FDC-42A3-9474-1A3956D46DE8}") = "Internal", "Internal", "{0DCBAB3C-461E-4606-AD52-FAFA9FF92E3E}"
EndProject
Project("{2150E333-8FDC-42A3-9474-1A3956D46DE8}") = "Tests", "Tests", "{5CB0D05B-93B0-4C5C-BD65-B0F58300292A}"
EndProject
Project("{9A19103F-16F7-4668-BE54-9A1E7A4F7556}") = "CPW_HandlePllPaymentReceived", "PllServiceApp\Internal\CPW_HandlePllPaymentReceived\CPW_HandlePllPaymentReceived.csproj", "{1A4E7BD2-9D62-4652-8117-494B6C0118F0}"
EndProject
Project("{9A19103F-16F7-4668-BE54-9A1E7A4F7556}") = "CPW_PllImplementations", "PllServiceApp\Internal\CPW_PllImplementations\CPW_PllImplementations.csproj", "{69331E71-C563-4052-B1D0-049E64759B51}"
EndProject
Project("{9A19103F-16F7-4668-BE54-9A1E7A4F7556}") = "XTI_PllServiceAppApi", "PllServiceApp\Internal\XTI_PllServiceAppApi\XTI_PllServiceAppApi.csproj", "{C34C61AF-B734-49E6-9384-8294342A870F}"
EndProject
Project("{9A19103F-16F7-4668-BE54-9A1E7A4F7556}") = "PllServiceAppTests", "PllServiceApp\Tests\PllServiceAppTests\PllServiceAppTests.csproj", "{8B112712-F86E-4E11-8925-C389D87F638B}"
EndProject
Project("{9A19103F-16F7-4668-BE54-9A1E7A4F7556}") = "PllServiceApp", "PllServiceApp\Apps\PllServiceApp\PllServiceApp.csproj", "{A4DE3EA4-9D4F-4664-9C9C-92D9210A1FF6}"
EndProject
Project("{9A19103F-16F7-4668-BE54-9A1E7A4F7556}") = "PllSetupApp", "PllServiceApp\Apps\PllSetupApp\PllSetupApp.csproj", "{EB828924-EE4F-4CFD-98C1-29A8949C0E4F}"
EndProject
Project("{9A19103F-16F7-4668-BE54-9A1E7A4F7556}") = "CPW_Pll.Abstractions", "PllWebApp\Lib\CPW_Pll.Abstractions\CPW_Pll.Abstractions.csproj", "{238B5173-D7DA-4AEC-9AFE-B41233DFF002}"
EndProject
Project("{9A19103F-16F7-4668-BE54-9A1E7A4F7556}") = "XTI_PllAppClient", "PllWebApp\Lib\XTI_PllAppClient\XTI_PllAppClient.csproj", "{85789581-597F-4C64-817D-816751A48403}"
EndProject
Global
	GlobalSection(SolutionConfigurationPlatforms) = preSolution
		Debug|Any CPU = Debug|Any CPU
		Release|Any CPU = Release|Any CPU
	EndGlobalSection
	GlobalSection(ProjectConfigurationPlatforms) = postSolution
		{FEFC3B1B-E809-455E-BB80-2A6C386C63AC}.Debug|Any CPU.ActiveCfg = Debug|Any CPU
		{FEFC3B1B-E809-455E-BB80-2A6C386C63AC}.Debug|Any CPU.Build.0 = Debug|Any CPU
		{FEFC3B1B-E809-455E-BB80-2A6C386C63AC}.Release|Any CPU.ActiveCfg = Release|Any CPU
		{FEFC3B1B-E809-455E-BB80-2A6C386C63AC}.Release|Any CPU.Build.0 = Release|Any CPU
		{F52CFC31-D4D0-4533-997F-3BD3BA679C50}.Debug|Any CPU.ActiveCfg = Debug|Any CPU
		{F52CFC31-D4D0-4533-997F-3BD3BA679C50}.Debug|Any CPU.Build.0 = Debug|Any CPU
		{F52CFC31-D4D0-4533-997F-3BD3BA679C50}.Release|Any CPU.ActiveCfg = Release|Any CPU
		{F52CFC31-D4D0-4533-997F-3BD3BA679C50}.Release|Any CPU.Build.0 = Release|Any CPU
		{83C0E90A-CDE5-436A-9A7D-55B276A3A08F}.Debug|Any CPU.ActiveCfg = Debug|Any CPU
		{83C0E90A-CDE5-436A-9A7D-55B276A3A08F}.Debug|Any CPU.Build.0 = Debug|Any CPU
		{83C0E90A-CDE5-436A-9A7D-55B276A3A08F}.Release|Any CPU.ActiveCfg = Release|Any CPU
		{83C0E90A-CDE5-436A-9A7D-55B276A3A08F}.Release|Any CPU.Build.0 = Release|Any CPU
		{C48700EA-0707-4728-B9FE-5FB01E7D6750}.Debug|Any CPU.ActiveCfg = Debug|Any CPU
		{C48700EA-0707-4728-B9FE-5FB01E7D6750}.Debug|Any CPU.Build.0 = Debug|Any CPU
		{C48700EA-0707-4728-B9FE-5FB01E7D6750}.Release|Any CPU.ActiveCfg = Release|Any CPU
		{C48700EA-0707-4728-B9FE-5FB01E7D6750}.Release|Any CPU.Build.0 = Release|Any CPU
		{8448964E-5181-4FCC-8300-502C833C28CE}.Debug|Any CPU.ActiveCfg = Debug|Any CPU
		{8448964E-5181-4FCC-8300-502C833C28CE}.Debug|Any CPU.Build.0 = Debug|Any CPU
		{8448964E-5181-4FCC-8300-502C833C28CE}.Release|Any CPU.ActiveCfg = Release|Any CPU
		{8448964E-5181-4FCC-8300-502C833C28CE}.Release|Any CPU.Build.0 = Release|Any CPU
		{4EE5FF97-F5F3-4DD3-B398-B94A05F931C8}.Debug|Any CPU.ActiveCfg = Debug|Any CPU
		{4EE5FF97-F5F3-4DD3-B398-B94A05F931C8}.Debug|Any CPU.Build.0 = Debug|Any CPU
		{4EE5FF97-F5F3-4DD3-B398-B94A05F931C8}.Release|Any CPU.ActiveCfg = Release|Any CPU
		{4EE5FF97-F5F3-4DD3-B398-B94A05F931C8}.Release|Any CPU.Build.0 = Release|Any CPU
		{E3506323-F74D-4EBD-91AF-178C7B5D3A8D}.Debug|Any CPU.ActiveCfg = Debug|Any CPU
		{E3506323-F74D-4EBD-91AF-178C7B5D3A8D}.Debug|Any CPU.Build.0 = Debug|Any CPU
		{E3506323-F74D-4EBD-91AF-178C7B5D3A8D}.Release|Any CPU.ActiveCfg = Release|Any CPU
		{E3506323-F74D-4EBD-91AF-178C7B5D3A8D}.Release|Any CPU.Build.0 = Release|Any CPU
		{38421A8A-C144-4C76-BB5C-E5E30EBC9C05}.Debug|Any CPU.ActiveCfg = Debug|Any CPU
		{38421A8A-C144-4C76-BB5C-E5E30EBC9C05}.Debug|Any CPU.Build.0 = Debug|Any CPU
		{38421A8A-C144-4C76-BB5C-E5E30EBC9C05}.Release|Any CPU.ActiveCfg = Release|Any CPU
		{38421A8A-C144-4C76-BB5C-E5E30EBC9C05}.Release|Any CPU.Build.0 = Release|Any CPU
		{B885E4AD-B2FE-4036-BDEF-E0C6439E8210}.Debug|Any CPU.ActiveCfg = Debug|Any CPU
		{B885E4AD-B2FE-4036-BDEF-E0C6439E8210}.Debug|Any CPU.Build.0 = Debug|Any CPU
		{B885E4AD-B2FE-4036-BDEF-E0C6439E8210}.Release|Any CPU.ActiveCfg = Release|Any CPU
		{B885E4AD-B2FE-4036-BDEF-E0C6439E8210}.Release|Any CPU.Build.0 = Release|Any CPU
		{E3A10B56-D24B-4EC6-802C-7062220A1CA3}.Debug|Any CPU.ActiveCfg = Debug|Any CPU
		{E3A10B56-D24B-4EC6-802C-7062220A1CA3}.Debug|Any CPU.Build.0 = Debug|Any CPU
		{E3A10B56-D24B-4EC6-802C-7062220A1CA3}.Release|Any CPU.ActiveCfg = Release|Any CPU
		{E3A10B56-D24B-4EC6-802C-7062220A1CA3}.Release|Any CPU.Build.0 = Release|Any CPU
		{AF833ACB-55A3-4AC5-B5CF-F9FCA01DB53F}.Debug|Any CPU.ActiveCfg = Debug|Any CPU
		{AF833ACB-55A3-4AC5-B5CF-F9FCA01DB53F}.Debug|Any CPU.Build.0 = Debug|Any CPU
		{AF833ACB-55A3-4AC5-B5CF-F9FCA01DB53F}.Release|Any CPU.ActiveCfg = Release|Any CPU
		{AF833ACB-55A3-4AC5-B5CF-F9FCA01DB53F}.Release|Any CPU.Build.0 = Release|Any CPU
		{1A4E7BD2-9D62-4652-8117-494B6C0118F0}.Debug|Any CPU.ActiveCfg = Debug|Any CPU
		{1A4E7BD2-9D62-4652-8117-494B6C0118F0}.Debug|Any CPU.Build.0 = Debug|Any CPU
		{1A4E7BD2-9D62-4652-8117-494B6C0118F0}.Release|Any CPU.ActiveCfg = Release|Any CPU
		{1A4E7BD2-9D62-4652-8117-494B6C0118F0}.Release|Any CPU.Build.0 = Release|Any CPU
		{69331E71-C563-4052-B1D0-049E64759B51}.Debug|Any CPU.ActiveCfg = Debug|Any CPU
		{69331E71-C563-4052-B1D0-049E64759B51}.Debug|Any CPU.Build.0 = Debug|Any CPU
		{69331E71-C563-4052-B1D0-049E64759B51}.Release|Any CPU.ActiveCfg = Release|Any CPU
		{69331E71-C563-4052-B1D0-049E64759B51}.Release|Any CPU.Build.0 = Release|Any CPU
		{C34C61AF-B734-49E6-9384-8294342A870F}.Debug|Any CPU.ActiveCfg = Debug|Any CPU
		{C34C61AF-B734-49E6-9384-8294342A870F}.Debug|Any CPU.Build.0 = Debug|Any CPU
		{C34C61AF-B734-49E6-9384-8294342A870F}.Release|Any CPU.ActiveCfg = Release|Any CPU
		{C34C61AF-B734-49E6-9384-8294342A870F}.Release|Any CPU.Build.0 = Release|Any CPU
		{8B112712-F86E-4E11-8925-C389D87F638B}.Debug|Any CPU.ActiveCfg = Debug|Any CPU
		{8B112712-F86E-4E11-8925-C389D87F638B}.Debug|Any CPU.Build.0 = Debug|Any CPU
		{8B112712-F86E-4E11-8925-C389D87F638B}.Release|Any CPU.ActiveCfg = Release|Any CPU
		{8B112712-F86E-4E11-8925-C389D87F638B}.Release|Any CPU.Build.0 = Release|Any CPU
		{A4DE3EA4-9D4F-4664-9C9C-92D9210A1FF6}.Debug|Any CPU.ActiveCfg = Debug|Any CPU
		{A4DE3EA4-9D4F-4664-9C9C-92D9210A1FF6}.Debug|Any CPU.Build.0 = Debug|Any CPU
		{A4DE3EA4-9D4F-4664-9C9C-92D9210A1FF6}.Release|Any CPU.ActiveCfg = Release|Any CPU
		{A4DE3EA4-9D4F-4664-9C9C-92D9210A1FF6}.Release|Any CPU.Build.0 = Release|Any CPU
		{EB828924-EE4F-4CFD-98C1-29A8949C0E4F}.Debug|Any CPU.ActiveCfg = Debug|Any CPU
		{EB828924-EE4F-4CFD-98C1-29A8949C0E4F}.Debug|Any CPU.Build.0 = Debug|Any CPU
		{EB828924-EE4F-4CFD-98C1-29A8949C0E4F}.Release|Any CPU.ActiveCfg = Release|Any CPU
		{EB828924-EE4F-4CFD-98C1-29A8949C0E4F}.Release|Any CPU.Build.0 = Release|Any CPU
		{238B5173-D7DA-4AEC-9AFE-B41233DFF002}.Debug|Any CPU.ActiveCfg = Debug|Any CPU
		{238B5173-D7DA-4AEC-9AFE-B41233DFF002}.Debug|Any CPU.Build.0 = Debug|Any CPU
		{238B5173-D7DA-4AEC-9AFE-B41233DFF002}.Release|Any CPU.ActiveCfg = Release|Any CPU
		{238B5173-D7DA-4AEC-9AFE-B41233DFF002}.Release|Any CPU.Build.0 = Release|Any CPU
		{85789581-597F-4C64-817D-816751A48403}.Debug|Any CPU.ActiveCfg = Debug|Any CPU
		{85789581-597F-4C64-817D-816751A48403}.Debug|Any CPU.Build.0 = Debug|Any CPU
		{85789581-597F-4C64-817D-816751A48403}.Release|Any CPU.ActiveCfg = Release|Any CPU
		{85789581-597F-4C64-817D-816751A48403}.Release|Any CPU.Build.0 = Release|Any CPU
	EndGlobalSection
	GlobalSection(SolutionProperties) = preSolution
		HideSolutionNode = FALSE
	EndGlobalSection
	GlobalSection(NestedProjects) = preSolution
		{BBC9357F-B859-4CED-B777-23DEA3998ECE} = {67403A15-94A8-4547-8D0E-44A82C7CF8AE}
		{1F8D52BB-CA26-442B-B668-965A23F96A17} = {67403A15-94A8-4547-8D0E-44A82C7CF8AE}
		{40D23653-61B4-4A18-9625-D80518C4DE37} = {67403A15-94A8-4547-8D0E-44A82C7CF8AE}
		{FEFC3B1B-E809-455E-BB80-2A6C386C63AC} = {BBC9357F-B859-4CED-B777-23DEA3998ECE}
		{F52CFC31-D4D0-4533-997F-3BD3BA679C50} = {BBC9357F-B859-4CED-B777-23DEA3998ECE}
		{83C0E90A-CDE5-436A-9A7D-55B276A3A08F} = {BBC9357F-B859-4CED-B777-23DEA3998ECE}
		{C48700EA-0707-4728-B9FE-5FB01E7D6750} = {BBC9357F-B859-4CED-B777-23DEA3998ECE}
		{8448964E-5181-4FCC-8300-502C833C28CE} = {BBC9357F-B859-4CED-B777-23DEA3998ECE}
		{4EE5FF97-F5F3-4DD3-B398-B94A05F931C8} = {BBC9357F-B859-4CED-B777-23DEA3998ECE}
		{E3506323-F74D-4EBD-91AF-178C7B5D3A8D} = {BBC9357F-B859-4CED-B777-23DEA3998ECE}
		{38421A8A-C144-4C76-BB5C-E5E30EBC9C05} = {BBC9357F-B859-4CED-B777-23DEA3998ECE}
		{B885E4AD-B2FE-4036-BDEF-E0C6439E8210} = {1F8D52BB-CA26-442B-B668-965A23F96A17}
		{E3A10B56-D24B-4EC6-802C-7062220A1CA3} = {1F8D52BB-CA26-442B-B668-965A23F96A17}
		{AF833ACB-55A3-4AC5-B5CF-F9FCA01DB53F} = {1F8D52BB-CA26-442B-B668-965A23F96A17}
		{6177035F-F4BD-4F68-BA47-BA092B3C072C} = {926D0124-1094-4E2E-BBD6-7184E0097E5F}
		{0DCBAB3C-461E-4606-AD52-FAFA9FF92E3E} = {926D0124-1094-4E2E-BBD6-7184E0097E5F}
		{5CB0D05B-93B0-4C5C-BD65-B0F58300292A} = {926D0124-1094-4E2E-BBD6-7184E0097E5F}
		{1A4E7BD2-9D62-4652-8117-494B6C0118F0} = {0DCBAB3C-461E-4606-AD52-FAFA9FF92E3E}
		{69331E71-C563-4052-B1D0-049E64759B51} = {0DCBAB3C-461E-4606-AD52-FAFA9FF92E3E}
		{C34C61AF-B734-49E6-9384-8294342A870F} = {0DCBAB3C-461E-4606-AD52-FAFA9FF92E3E}
		{8B112712-F86E-4E11-8925-C389D87F638B} = {5CB0D05B-93B0-4C5C-BD65-B0F58300292A}
		{A4DE3EA4-9D4F-4664-9C9C-92D9210A1FF6} = {6177035F-F4BD-4F68-BA47-BA092B3C072C}
		{EB828924-EE4F-4CFD-98C1-29A8949C0E4F} = {6177035F-F4BD-4F68-BA47-BA092B3C072C}
		{238B5173-D7DA-4AEC-9AFE-B41233DFF002} = {40D23653-61B4-4A18-9625-D80518C4DE37}
		{85789581-597F-4C64-817D-816751A48403} = {40D23653-61B4-4A18-9625-D80518C4DE37}
	EndGlobalSection
	GlobalSection(ExtensibilityGlobals) = postSolution
		SolutionGuid = {0B90029D-6F8C-48A8-8963-D9F1D1243492}
	EndGlobalSection
EndGlobal
